{
  "name": "DevcampPortfolio",
  "requires": true,
  "lockfileVersion": 1,
  "dependencies": {
    "html5sortable": {
      "version": "0.9.8",
      "resolved": "https://registry.npmjs.org/html5sortable/-/html5sortable-0.9.8.tgz",
      "integrity": "sha512-QodBiv8LdTZHot3EMzNHTeKn/nHm66BlvmcFvMFMPVm4mYN5S0uKvDxFnzRltFvrIjvps7OVRrxBJQX8aLnxWg=="
    }
  }
}
